
Microsoft Visual Studio Solution File, Format Version 12.00
# Visual Studio 15
VisualStudioVersion = 15.0.27130.2027
MinimumVisualStudioVersion = 10.0.40219.1
Project("{FAE04EC0-301F-11D3-BF4B-00C04F79EFBC}") = "MonoGameBasics", "MonoGameBasics\MonoGameBasics.csproj", "{A11A827B-AA88-4EFF-B879-F63CCCBD229F}"
EndProject
Global
	GlobalSection(SolutionConfigurationPlatforms) = preSolution
		Debug|x86 = Debug|x86
		Release|x86 = Release|x86
	EndGlobalSection
	GlobalSection(ProjectConfigurationPlatforms) = postSolution
		{A11A827B-AA88-4EFF-B879-F63CCCBD229F}.Debug|x86.ActiveCfg = Debug|x86
		{A11A827B-AA88-4EFF-B879-F63CCCBD229F}.Debug|x86.Build.0 = Debug|x86
		{A11A827B-AA88-4EFF-B879-F63CCCBD229F}.Release|x86.ActiveCfg = Release|x86
		{A11A827B-AA88-4EFF-B879-F63CCCBD229F}.Release|x86.Build.0 = Release|x86
	EndGlobalSection
	GlobalSection(SolutionProperties) = preSolution
		HideSolutionNode = FALSE
	EndGlobalSection
	GlobalSection(ExtensibilityGlobals) = postSolution
		SolutionGuid = {7001F42D-7ABC-4036-94E3-A01CEADADB39}
	EndGlobalSection
EndGlobal
